// !$*UTF8*$!
{
	archiveVersion = 1;
	classes = {
	};
	objectVersion = 50;
	objects = {

/* Begin PBXBuildFile section */
		16599D1E268E0B4200065DB7 /* swiftui_text_editorApp.swift in Sources */ = {isa = PBXBuildFile; fileRef = 16599D0B268E0B3E00065DB7 /* swiftui_text_editorApp.swift */; };
		16599D1F268E0B4200065DB7 /* swiftui_text_editorApp.swift in Sources */ = {isa = PBXBuildFile; fileRef = 16599D0B268E0B3E00065DB7 /* swiftui_text_editorApp.swift */; };
		16599D20268E0B4200065DB7 /* ContentView.swift in Sources */ = {isa = PBXBuildFile; fileRef = 16599D0C268E0B3E00065DB7 /* ContentView.swift */; };
		16599D21268E0B4200065DB7 /* ContentView.swift in Sources */ = {isa = PBXBuildFile; fileRef = 16599D0C268E0B3E00065DB7 /* ContentView.swift */; };
		16599D22268E0B4200065DB7 /* Assets.xcassets in Resources */ = {isa = PBXBuildFile; fileRef = 16599D0D268E0B4200065DB7 /* Assets.xcassets */; };
		16599D23268E0B4200065DB7 /* Assets.xcassets in Resources */ = {isa = PBXBuildFile; fileRef = 16599D0D268E0B4200065DB7 /* Assets.xcassets */; };
/* End PBXBuildFile section */

/* Begin PBXFileReference section */
		16599D0B268E0B3E00065DB7 /* swiftui_text_editorApp.swift */ = {isa = PBXFileReference; lastKnownFileType = sourcecode.swift; path = swiftui_text_editorApp.swift; sourceTree = "<group>"; };
		16599D0C268E0B3E00065DB7 /* ContentView.swift */ = {isa = PBXFileReference; lastKnownFileType = sourcecode.swift; path = ContentView.swift; sourceTree = "<group>"; };
		16599D0D268E0B4200065DB7 /* Assets.xcassets */ = {isa = PBXFileReference; lastKnownFileType = folder.assetcatalog; path = Assets.xcassets; sourceTree = "<group>"; };
		16599D12268E0B4200065DB7 /* swiftui-text-editor.app */ = {isa = PBXFileReference; explicitFileType = wrapper.application; includeInIndex = 0; path = "swiftui-text-editor.app"; sourceTree = BUILT_PRODUCTS_DIR; };
		16599D15268E0B4200065DB7 /* Info.plist */ = {isa = PBXFileReference; lastKnownFileType = text.plist.xml; path = Info.plist; sourceTree = "<group>"; };
		16599D1A268E0B4200065DB7 /* swiftui-text-editor.app */ = {isa = PBXFileReference; explicitFileType = wrapper.application; includeInIndex = 0; path = "swiftui-text-editor.app"; sourceTree = BUILT_PRODUCTS_DIR; };
		16599D1C268E0B4200065DB7 /* Info.plist */ = {isa = PBXFileReference; lastKnownFileType = text.plist.xml; path = Info.plist; sourceTree = "<group>"; };
		16599D1D268E0B4200065DB7 /* macOS.entitlements */ = {isa = PBXFileReference; lastKnownFileType = text.plist.entitlements; path = macOS.entitlements; sourceTree = "<group>"; };
/* End PBXFileReference section */

/* Begin PBXFrameworksBuildPhase section */
		16599D0F268E0B4200065DB7 /* Frameworks */ = {
			isa = PBXFrameworksBuildPhase;
			buildActionMask = 2147483647;
			files = (
			);
			runOnlyForDeploymentPostprocessing = 0;
		};
		16599D17268E0B4200065DB7 /* Frameworks */ = {
			isa = PBXFrameworksBuildPhase;
			buildActionMask = 2147483647;
			files = (
			);
			runOnlyForDeploymentPostprocessing = 0;
		};
/* End PBXFrameworksBuildPhase section */

/* Begin PBXGroup section */
		16599D05268E0B3E00065DB7 = {
			isa = PBXGroup;
			children = (
				16599D0A268E0B3E00065DB7 /* Shared */,
				16599D14268E0B4200065DB7 /* iOS */,
				16599D1B268E0B4200065DB7 /* macOS */,
				16599D13268E0B4200065DB7 /* Products */,
			);
			sourceTree = "<group>";
		};
		16599D0A268E0B3E00065DB7 /* Shared */ = {
			isa = PBXGroup;
			children = (
				16599D0B268E0B3E00065DB7 /* swiftui_text_editorApp.swift */,
				16599D0C268E0B3E00065DB7 /* ContentView.swift */,
				16599D0D268E0B4200065DB7 /* Assets.xcassets */,
			);
			path = Shared;
			sourceTree = "<group>";
		};
		16599D13268E0B4200065DB7 /* Products */ = {
			isa = PBXGroup;
			children = (
				16599D12268E0B4200065DB7 /* swiftui-text-editor.app */,
				16599D1A268E0B4200065DB7 /* swiftui-text-editor.app */,
			);
			name = Products;
			sourceTree = "<group>";
		};
		16599D14268E0B4200065DB7 /* iOS */ = {
			isa = PBXGroup;
			children = (
				16599D15268E0B4200065DB7 /* Info.plist */,
			);
			path = iOS;
			sourceTree = "<group>";
		};
		16599D1B268E0B4200065DB7 /* macOS */ = {
			isa = PBXGroup;
			children = (
				16599D1C268E0B4200065DB7 /* Info.plist */,
				16599D1D268E0B4200065DB7 /* macOS.entitlements */,
			);
			path = macOS;
			sourceTree = "<group>";
		};
/* End PBXGroup section */

/* Begin PBXNativeTarget section */
		16599D11268E0B4200065DB7 /* swiftui-text-editor (iOS) */ = {
			isa = PBXNativeTarget;
			buildConfigurationList = 16599D26268E0B4200065DB7 /* Build configuration list for PBXNativeTarget "swiftui-text-editor (iOS)" */;
			buildPhases = (
				16599D0E268E0B4200065DB7 /* Sources */,
				16599D0F268E0B4200065DB7 /* Frameworks */,
				16599D10268E0B4200065DB7 /* Resources */,
			);
			buildRules = (
			);
			dependencies = (
			);
			name = "swiftui-text-editor (iOS)";
			productName = "swiftui-text-editor (iOS)";
			productReference = 16599D12268E0B4200065DB7 /* swiftui-text-editor.app */;
			productType = "com.apple.product-type.application";
		};
		16599D19268E0B4200065DB7 /* swiftui-text-editor (macOS) */ = {
			isa = PBXNativeTarget;
			buildConfigurationList = 16599D29268E0B4200065DB7 /* Build configuration list for PBXNativeTarget "swiftui-text-editor (macOS)" */;
			buildPhases = (
				16599D16268E0B4200065DB7 /* Sources */,
				16599D17268E0B4200065DB7 /* Frameworks */,
				16599D18268E0B4200065DB7 /* Resources */,
			);
			buildRules = (
			);
			dependencies = (
			);
			name = "swiftui-text-editor (macOS)";
			productName = "swiftui-text-editor (macOS)";
			productReference = 16599D1A268E0B4200065DB7 /* swiftui-text-editor.app */;
			productType = "com.apple.product-type.application";
		};
/* End PBXNativeTarget section */

/* Begin PBXProject section */
		16599D06268E0B3E00065DB7 /* Project object */ = {
			isa = PBXProject;
			attributes = {
				LastSwiftUpdateCheck = 1250;
				LastUpgradeCheck = 1250;
				TargetAttributes = {
					16599D11268E0B4200065DB7 = {
						CreatedOnToolsVersion = 12.5.1;
					};
					16599D19268E0B4200065DB7 = {
						CreatedOnToolsVersion = 12.5.1;
					};
				};
			};
			buildConfigurationList = 16599D09268E0B3E00065DB7 /* Build configuration list for PBXProject "swiftui-text-editor" */;
			compatibilityVersion = "Xcode 9.3";
			developmentRegion = en;
			hasScannedForEncodings = 0;
			knownRegions = (
				en,
				Base,
			);
			mainGroup = 16599D05268E0B3E00065DB7;
			productRefGroup = 16599D13268E0B4200065DB7 /* Products */;
			projectDirPath = "";
			projectRoot = "";
			targets = (
				16599D11268E0B4200065DB7 /* swiftui-text-editor (iOS) */,
				16599D19268E0B4200065DB7 /* swiftui-text-editor (macOS) */,
			);
		};
/* End PBXProject section */

/* Begin PBXResourcesBuildPhase section */
		16599D10268E0B4200065DB7 /* Resources */ = {
			isa = PBXResourcesBuildPhase;
			buildActionMask = 2147483647;
			files = (
				16599D22268E0B4200065DB7 /* Assets.xcassets in Resources */,
			);
			runOnlyForDeploymentPostprocessing = 0;
		};
		16599D18268E0B4200065DB7 /* Resources */ = {
			isa = PBXResourcesBuildPhase;
			buildActionMask = 2147483647;
			files = (
				16599D23268E0B4200065DB7 /* Assets.xcassets in Resources */,
			);
			runOnlyForDeploymentPostprocessing = 0;
		};
/* End PBXResourcesBuildPhase section */

/* Begin PBXSourcesBuildPhase section */
		16599D0E268E0B4200065DB7 /* Sources */ = {
			isa = PBXSourcesBuildPhase;
			buildActionMask = 2147483647;
			files = (
				16599D20268E0B4200065DB7 /* ContentView.swift in Sources */,
				16599D1E268E0B4200065DB7 /* swiftui_text_editorApp.swift in Sources */,
			);
			runOnlyForDeploymentPostprocessing = 0;
		};
		16599D16268E0B4200065DB7 /* Sources */ = {
			isa = PBXSourcesBuildPhase;
			buildActionMask = 2147483647;
			files = (
				16599D21268E0B4200065DB7 /* ContentView.swift in Sources */,
				16599D1F268E0B4200065DB7 /* swiftui_text_editorApp.swift in Sources */,
			);
			runOnlyForDeploymentPostprocessing = 0;
		};
/* End PBXSourcesBuildPhase section */

/* Begin XCBuildConfiguration section */
		16599D24268E0B4200065DB7 /* Debug */ = {
			isa = XCBuildConfiguration;
			buildSettings = {
				ALWAYS_SEARCH_USER_PATHS = NO;
				CLANG_ANALYZER_NONNULL = YES;
				CLANG_ANALYZER_NUMBER_OBJECT_CONVERSION = YES_AGGRESSIVE;
				CLANG_CXX_LANGUAGE_STANDARD = "gnu++14";
				CLANG_CXX_LIBRARY = "libc++";
				CLANG_ENABLE_MODULES = YES;
				CLANG_ENABLE_OBJC_ARC = YES;
				CLANG_ENABLE_OBJC_WEAK = YES;
				CLANG_WARN_BLOCK_CAPTURE_AUTORELEASING = YES;
				CLANG_WARN_BOOL_CONVERSION = YES;
				CLANG_WARN_COMMA = YES;
				CLANG_WARN_CONSTANT_CONVERSION = YES;
				CLANG_WARN_DEPRECATED_OBJC_IMPLEMENTATIONS = YES;
				CLANG_WARN_DIRECT_OBJC_ISA_USAGE = YES_ERROR;
				CLANG_WARN_DOCUMENTATION_COMMENTS = YES;
				CLANG_WARN_EMPTY_BODY = YES;
				CLANG_WARN_ENUM_CONVERSION = YES;
				CLANG_WARN_INFINITE_RECURSION = YES;
				CLANG_WARN_INT_CONVERSION = YES;
				CLANG_WARN_NON_LITERAL_NULL_CONVERSION = YES;
				CLANG_WARN_OBJC_IMPLICIT_RETAIN_SELF = YES;
				CLANG_WARN_OBJC_LITERAL_CONVERSION = YES;
				CLANG_WARN_OBJC_ROOT_CLASS = YES_ERROR;
				CLANG_WARN_QUOTED_INCLUDE_IN_FRAMEWORK_HEADER = YES;
				CLANG_WARN_RANGE_LOOP_ANALYSIS = YES;
				CLANG_WARN_STRICT_PROTOTYPES = YES;
				CLANG_WARN_SUSPICIOUS_MOVE = YES;
				CLANG_WARN_UNGUARDED_AVAILABILITY = YES_AGGRESSIVE;
				CLANG_WARN_UNREACHABLE_CODE = YES;
				CLANG_WARN__DUPLICATE_METHOD_MATCH = YES;
				COPY_PHASE_STRIP = NO;
				DEBUG_INFORMATION_FORMAT = dwarf;
				ENABLE_STRICT_OBJC_MSGSEND = YES;
				ENABLE_TESTABILITY = YES;
				GCC_C_LANGUAGE_STANDARD = gnu11;
				GCC_DYNAMIC_NO_PIC = NO;
				GCC_NO_COMMON_BLOCKS = YES;
				GCC_OPTIMIZATION_LEVEL = 0;
				GCC_PREPROCESSOR_DEFINITIONS = (
					"DEBUG=1",
					"$(inherited)",
				);
				GCC_WARN_64_TO_32_BIT_CONVERSION = YES;
				GCC_WARN_ABOUT_RETURN_TYPE = YES_ERROR;
				GCC_WARN_UNDECLARED_SELECTOR = YES;
				GCC_WARN_UNINITIALIZED_AUTOS = YES_AGGRESSIVE;
				GCC_WARN_UNUSED_FUNCTION = YES;
				GCC_WARN_UNUSED_VARIABLE = YES;
				MTL_ENABLE_DEBUG_INFO = INCLUDE_SOURCE;
				MTL_FAST_MATH = YES;
				ONLY_ACTIVE_ARCH = YES;
				SWIFT_ACTIVE_COMPILATION_CONDITIONS = DEBUG;
				SWIFT_OPTIMIZATION_LEVEL = "-Onone";
			};
			name = Debug;
		};
		16599D25268E0B4200065DB7 /* Release */ = {
			isa = XCBuildConfiguration;
			buildSettings = {
				ALWAYS_SEARCH_USER_PATHS = NO;
				CLANG_ANALYZER_NONNULL = YES;
				CLANG_ANALYZER_NUMBER_OBJECT_CONVERSION = YES_AGGRESSIVE;
				CLANG_CXX_LANGUAGE_STANDARD = "gnu++14";
				CLANG_CXX_LIBRARY = "libc++";
				CLANG_ENABLE_MODULES = YES;
				CLANG_ENABLE_OBJC_ARC = YES;
				CLANG_ENABLE_OBJC_WEAK = YES;
				CLANG_WARN_BLOCK_CAPTURE_AUTORELEASING = YES;
				CLANG_WARN_BOOL_CONVERSION = YES;
				CLANG_WARN_COMMA = YES;
				CLANG_WARN_CONSTANT_CONVERSION = YES;
				CLANG_WARN_DEPRECATED_OBJC_IMPLEMENTATIONS = YES;
				CLANG_WARN_DIRECT_OBJC_ISA_USAGE = YES_ERROR;
				CLANG_WARN_DOCUMENTATION_COMMENTS = YES;
				CLANG_WARN_EMPTY_BODY = YES;
				CLANG_WARN_ENUM_CONVERSION = YES;
				CLANG_WARN_INFINITE_RECURSION = YES;
				CLANG_WARN_INT_CONVERSION = YES;
				CLANG_WARN_NON_LITERAL_NULL_CONVERSION = YES;
				CLANG_WARN_OBJC_IMPLICIT_RETAIN_SELF = YES;
				CLANG_WARN_OBJC_LITERAL_CONVERSION = YES;
				CLANG_WARN_OBJC_ROOT_CLASS = YES_ERROR;
				CLANG_WARN_QUOTED_INCLUDE_IN_FRAMEWORK_HEADER = YES;
				CLANG_WARN_RANGE_LOOP_ANALYSIS = YES;
				CLANG_WARN_STRICT_PROTOTYPES = YES;
				CLANG_WARN_SUSPICIOUS_MOVE = YES;
				CLANG_WARN_UNGUARDED_AVAILABILITY = YES_AGGRESSIVE;
				CLANG_WARN_UNREACHABLE_CODE = YES;
				CLANG_WARN__DUPLICATE_METHOD_MATCH = YES;
				COPY_PHASE_STRIP = NO;
				DEBUG_INFORMATION_FORMAT = "dwarf-with-dsym";
				ENABLE_NS_ASSERTIONS = NO;
				ENABLE_STRICT_OBJC_MSGSEND = YES;
				GCC_C_LANGUAGE_STANDARD = gnu11;
				GCC_NO_COMMON_BLOCKS = YES;
				GCC_WARN_64_TO_32_BIT_CONVERSION = YES;
				GCC_WARN_ABOUT_RETURN_TYPE = YES_ERROR;
				GCC_WARN_UNDECLARED_SELECTOR = YES;
				GCC_WARN_UNINITIALIZED_AUTOS = YES_AGGRESSIVE;
				GCC_WARN_UNUSED_FUNCTION = YES;
				GCC_WARN_UNUSED_VARIABLE = YES;
				MTL_ENABLE_DEBUG_INFO = NO;
				MTL_FAST_MATH = YES;
				SWIFT_COMPILATION_MODE = wholemodule;
				SWIFT_OPTIMIZATION_LEVEL = "-O";
			};
			name = Release;
		};
		16599D27268E0B4200065DB7 /* Debug */ = {
			isa = XCBuildConfiguration;
			buildSettings = {
				ASSETCATALOG_COMPILER_APPICON_NAME = AppIcon;
				ASSETCATALOG_COMPILER_GLOBAL_ACCENT_COLOR_NAME = AccentColor;
				CODE_SIGN_STYLE = Automatic;
				DEVELOPMENT_TEAM = 3WZ49DBJ25;
				ENABLE_PREVIEWS = YES;
				INFOPLIST_FILE = iOS/Info.plist;
				IPHONEOS_DEPLOYMENT_TARGET = 14.0;
				LD_RUNPATH_SEARCH_PATHS = (
					"$(inherited)",
					"@executable_path/Frameworks",
				);
				PRODUCT_BUNDLE_IDENTIFIER = "yudwig.swiftui-text-editor";
				PRODUCT_NAME = "swiftui-text-editor";
				SDKROOT = iphoneos;
				SWIFT_VERSION = 5.0;
				TARGETED_DEVICE_FAMILY = "1,2";
			};
			name = Debug;
		};
		16599D28268E0B4200065DB7 /* Release */ = {
			isa = XCBuildConfiguration;
			buildSettings = {
				ASSETCATALOG_COMPILER_APPICON_NAME = AppIcon;
				ASSETCATALOG_COMPILER_GLOBAL_ACCENT_COLOR_NAME = AccentColor;
				CODE_SIGN_STYLE = Automatic;
				DEVELOPMENT_TEAM = 3WZ49DBJ25;
				ENABLE_PREVIEWS = YES;
				INFOPLIST_FILE = iOS/Info.plist;
				IPHONEOS_DEPLOYMENT_TARGET = 14.0;
				LD_RUNPATH_SEARCH_PATHS = (
					"$(inherited)",
					"@executable_path/Frameworks",
				);
				PRODUCT_BUNDLE_IDENTIFIER = "yudwig.swiftui-text-editor";
				PRODUCT_NAME = "swiftui-text-editor";
				SDKROOT = iphoneos;
				SWIFT_VERSION = 5.0;
				TARGETED_DEVICE_FAMILY = "1,2";
				VALIDATE_PRODUCT = YES;
			};
			name = Release;
		};
		16599D2A268E0B4200065DB7 /* Debug */ = {
			isa = XCBuildConfiguration;
			buildSettings = {
				ASSETCATALOG_COMPILER_APPICON_NAME = AppIcon;
				ASSETCATALOG_COMPILER_GLOBAL_ACCENT_COLOR_NAME = AccentColor;
				CODE_SIGN_ENTITLEMENTS = macOS/macOS.entitlements;
				CODE_SIGN_STYLE = Automatic;
				COMBINE_HIDPI_IMAGES = YES;
				DEVELOPMENT_TEAM = 3WZ49DBJ25;
				ENABLE_HARDENED_RUNTIME = YES;
				ENABLE_PREVIEWS = YES;
				INFOPLIST_FILE = macOS/Info.plist;
				LD_RUNPATH_SEARCH_PATHS = (
					"$(inherited)",
					"@executable_path/../Frameworks",
				);
				MACOSX_DEPLOYMENT_TARGET = 11.0;
				PRODUCT_BUNDLE_IDENTIFIER = "yudwig.swiftui-text-editor";
				PRODUCT_NAME = "swiftui-text-editor";
				SDKROOT = macosx;
				SWIFT_VERSION = 5.0;
			};
			name = Debug;
		};
		16599D2B268E0B4200065DB7 /* Release */ = {
			isa = XCBuildConfiguration;
			buildSettings = {
				ASSETCATALOG_COMPILER_APPICON_NAME = AppIcon;
				ASSETCATALOG_COMPILER_GLOBAL_ACCENT_COLOR_NAME = AccentColor;
				CODE_SIGN_ENTITLEMENTS = macOS/macOS.entitlements;
				CODE_SIGN_STYLE = Automatic;
				COMBINE_HIDPI_IMAGES = YES;
				DEVELOPMENT_TEAM = 3WZ49DBJ25;
				ENABLE_HARDENED_RUNTIME = YES;
				ENABLE_PREVIEWS = YES;
				INFOPLIST_FILE = macOS/Info.plist;
				LD_RUNPATH_SEARCH_PATHS = (
					"$(inherited)",
					"@executable_path/../Frameworks",
				);
				MACOSX_DEPLOYMENT_TARGET = 11.0;
				PRODUCT_BUNDLE_IDENTIFIER = "yudwig.swiftui-text-editor";
				PRODUCT_NAME = "swiftui-text-editor";
				SDKROOT = macosx;
				SWIFT_VERSION = 5.0;
			};
			name = Release;
		};
/* End XCBuildConfiguration section */

/* Begin XCConfigurationList section */
		16599D09268E0B3E00065DB7 /* Build configuration list for PBXProject "swiftui-text-editor" */ = {
			isa = XCConfigurationList;
			buildConfigurations = (
				16599D24268E0B4200065DB7 /* Debug */,
				16599D25268E0B4200065DB7 /* Release */,
			);
			defaultConfigurationIsVisible = 0;
			defaultConfigurationName = Release;
		};
		16599D26268E0B4200065DB7 /* Build configuration list for PBXNativeTarget "swiftui-text-editor (iOS)" */ = {
			isa = XCConfigurationList;
			buildConfigurations = (
				16599D27268E0B4200065DB7 /* Debug */,
				16599D28268E0B4200065DB7 /* Release */,
			);
			defaultConfigurationIsVisible = 0;
			defaultConfigurationName = Release;
		};
		16599D29268E0B4200065DB7 /* Build configuration list for PBXNativeTarget "swiftui-text-editor (macOS)" */ = {
			isa = XCConfigurationList;
			buildConfigurations = (
				16599D2A268E0B4200065DB7 /* Debug */,
				16599D2B268E0B4200065DB7 /* Release */,
			);
			defaultConfigurationIsVisible = 0;
			defaultConfigurationName = Release;
		};
/* End XCConfigurationList section */
	};
	rootObject = 16599D06268E0B3E00065DB7 /* Project object */;
}
